{
    "version": 3,
    "terraform_version": "0.11.1",
    "serial": 13,
    "lineage": "8fb6212b-e464-4a11-98ae-77d1f32947a7",
    "modules": [
        {
            "path": [
                "root"
            ],
            "outputs": {},
            "resources": {
                "google_compute_firewall.allow-internal-cfnets": {
                    "type": "google_compute_firewall",
                    "depends_on": [],
                    "primary": {
                        "id": "allow-internal-cfnets",
                        "attributes": {
                            "allow.#": "3",
                            "allow.1367131964.ports.#": "0",
                            "allow.1367131964.protocol": "icmp",
                            "allow.2250996047.ports.#": "1",
                            "allow.2250996047.ports.0": "0-65535",
                            "allow.2250996047.protocol": "tcp",
                            "allow.884285603.ports.#": "1",
                            "allow.884285603.ports.0": "0-65535",
                            "allow.884285603.protocol": "udp",
                            "deny.#": "0",
                            "description": "",
                            "destination_ranges.#": "0",
                            "id": "allow-internal-cfnets",
                            "name": "allow-internal-cfnets",
                            "network": "https://www.googleapis.com/compute/v1/projects/sodium-carver-190112/global/networks/default",
                            "priority": "1000",
                            "project": "sodium-carver-190112",
                            "self_link": "https://www.googleapis.com/compute/v1/projects/sodium-carver-190112/global/firewalls/allow-internal-cfnets",
                            "source_ranges.#": "1",
                            "source_ranges.653952448": "10.0.0.0/22",
                            "source_service_accounts.#": "0",
                            "source_tags.#": "0",
                            "target_service_accounts.#": "0",
                            "target_tags.#": "0"
                        },
                        "meta": {
                            "schema_version": "1"
                        },
                        "tainted": false
                    },
                    "deposed": [],
                    "provider": "provider.google"
                },
                "google_compute_firewall.bosh-agents-and-director": {
                    "type": "google_compute_firewall",
                    "depends_on": [],
                    "primary": {
                        "id": "bosh-agent-and-director",
                        "attributes": {
                            "allow.#": "1",
                            "allow.1074244219.ports.#": "7",
                            "allow.1074244219.ports.0": "4222",
                            "allow.1074244219.ports.1": "6868",
                            "allow.1074244219.ports.2": "8443",
                            "allow.1074244219.ports.3": "8844",
                            "allow.1074244219.ports.4": "25250",
                            "allow.1074244219.ports.5": "25555",
                            "allow.1074244219.ports.6": "25777",
                            "allow.1074244219.protocol": "tcp",
                            "deny.#": "0",
                            "description": "",
                            "destination_ranges.#": "0",
                            "id": "bosh-agent-and-director",
                            "name": "bosh-agent-and-director",
                            "network": "https://www.googleapis.com/compute/v1/projects/sodium-carver-190112/global/networks/default",
                            "priority": "1000",
                            "project": "sodium-carver-190112",
                            "self_link": "https://www.googleapis.com/compute/v1/projects/sodium-carver-190112/global/firewalls/bosh-agent-and-director",
                            "source_ranges.#": "1",
                            "source_ranges.1080289494": "0.0.0.0/0",
                            "source_service_accounts.#": "0",
                            "source_tags.#": "0",
                            "target_service_accounts.#": "0",
                            "target_tags.#": "1",
                            "target_tags.2531378165": "bosh-director"
                        },
                        "meta": {
                            "schema_version": "1"
                        },
                        "tainted": false
                    },
                    "deposed": [],
                    "provider": "provider.google"
                },
                "google_compute_firewall.bosh-cf-router-lb": {
                    "type": "google_compute_firewall",
                    "depends_on": [],
                    "primary": {
                        "id": "bosh-cf-router-lb",
                        "attributes": {
                            "allow.#": "2",
                            "allow.272637744.ports.#": "1",
                            "allow.272637744.ports.0": "80",
                            "allow.272637744.protocol": "tcp",
                            "allow.680193008.ports.#": "1",
                            "allow.680193008.ports.0": "443",
                            "allow.680193008.protocol": "tcp",
                            "deny.#": "0",
                            "description": "",
                            "destination_ranges.#": "0",
                            "id": "bosh-cf-router-lb",
                            "name": "bosh-cf-router-lb",
                            "network": "https://www.googleapis.com/compute/v1/projects/sodium-carver-190112/global/networks/default",
                            "priority": "1000",
                            "project": "sodium-carver-190112",
                            "self_link": "https://www.googleapis.com/compute/v1/projects/sodium-carver-190112/global/firewalls/bosh-cf-router-lb",
                            "source_ranges.#": "1",
                            "source_ranges.1080289494": "0.0.0.0/0",
                            "source_service_accounts.#": "0",
                            "source_tags.#": "0",
                            "target_service_accounts.#": "0",
                            "target_tags.#": "1",
                            "target_tags.3952882738": "bosh-cf-router-lb"
                        },
                        "meta": {
                            "schema_version": "1"
                        },
                        "tainted": false
                    },
                    "deposed": [],
                    "provider": "provider.google"
                },
                "google_compute_firewall.bosh-cf-ssh-proxy": {
                    "type": "google_compute_firewall",
                    "depends_on": [],
                    "primary": {
                        "id": "bosh-cf-ssh-proxy",
                        "attributes": {
                            "allow.#": "1",
                            "allow.1291519450.ports.#": "1",
                            "allow.1291519450.ports.0": "2222",
                            "allow.1291519450.protocol": "tcp",
                            "deny.#": "0",
                            "description": "",
                            "destination_ranges.#": "0",
                            "id": "bosh-cf-ssh-proxy",
                            "name": "bosh-cf-ssh-proxy",
                            "network": "https://www.googleapis.com/compute/v1/projects/sodium-carver-190112/global/networks/default",
                            "priority": "1000",
                            "project": "sodium-carver-190112",
                            "self_link": "https://www.googleapis.com/compute/v1/projects/sodium-carver-190112/global/firewalls/bosh-cf-ssh-proxy",
                            "source_ranges.#": "1",
                            "source_ranges.1080289494": "0.0.0.0/0",
                            "source_service_accounts.#": "0",
                            "source_tags.#": "0",
                            "target_service_accounts.#": "0",
                            "target_tags.#": "1",
                            "target_tags.2242838465": "bosh-cf-ssh-proxy"
                        },
                        "meta": {
                            "schema_version": "1"
                        },
                        "tainted": false
                    },
                    "deposed": [],
                    "provider": "provider.google"
                },
                "google_compute_firewall.bosh-cf-tcp-router": {
                    "type": "google_compute_firewall",
                    "depends_on": [],
                    "primary": {
                        "id": "bosh-cf-tcp-router",
                        "attributes": {
                            "allow.#": "1",
                            "allow.1177772320.ports.#": "1",
                            "allow.1177772320.ports.0": "1024-32678",
                            "allow.1177772320.protocol": "tcp",
                            "deny.#": "0",
                            "description": "",
                            "destination_ranges.#": "0",
                            "id": "bosh-cf-tcp-router",
                            "name": "bosh-cf-tcp-router",
                            "network": "https://www.googleapis.com/compute/v1/projects/sodium-carver-190112/global/networks/default",
                            "priority": "1000",
                            "project": "sodium-carver-190112",
                            "self_link": "https://www.googleapis.com/compute/v1/projects/sodium-carver-190112/global/firewalls/bosh-cf-tcp-router",
                            "source_ranges.#": "1",
                            "source_ranges.1080289494": "0.0.0.0/0",
                            "source_service_accounts.#": "0",
                            "source_tags.#": "0",
                            "target_service_accounts.#": "0",
                            "target_tags.#": "1",
                            "target_tags.1692152104": "bosh-cf-tcp-router"
                        },
                        "meta": {
                            "schema_version": "1"
                        },
                        "tainted": false
                    },
                    "deposed": [],
                    "provider": "provider.google"
                },
                "google_compute_firewall.bosh-credhub": {
                    "type": "google_compute_firewall",
                    "depends_on": [],
                    "primary": {
                        "id": "bosh-credhub",
                        "attributes": {
                            "allow.#": "1",
                            "allow.992028203.ports.#": "1",
                            "allow.992028203.ports.0": "8844",
                            "allow.992028203.protocol": "tcp",
                            "deny.#": "0",
                            "description": "",
                            "destination_ranges.#": "0",
                            "id": "bosh-credhub",
                            "name": "bosh-credhub",
                            "network": "https://www.googleapis.com/compute/v1/projects/sodium-carver-190112/global/networks/default",
                            "priority": "1000",
                            "project": "sodium-carver-190112",
                            "self_link": "https://www.googleapis.com/compute/v1/projects/sodium-carver-190112/global/firewalls/bosh-credhub",
                            "source_ranges.#": "1",
                            "source_ranges.1080289494": "0.0.0.0/0",
                            "source_service_accounts.#": "0",
                            "source_tags.#": "0",
                            "target_service_accounts.#": "0",
                            "target_tags.#": "1",
                            "target_tags.1244940578": "bosh-credhub"
                        },
                        "meta": {
                            "schema_version": "1"
                        },
                        "tainted": false
                    },
                    "deposed": [],
                    "provider": "provider.google"
                },
                "google_compute_firewall.cf-net": {
                    "type": "google_compute_firewall",
                    "depends_on": [],
                    "primary": {
                        "id": "cf-net",
                        "attributes": {
                            "allow.#": "3",
                            "allow.1367131964.ports.#": "0",
                            "allow.1367131964.protocol": "icmp",
                            "allow.1486604749.ports.#": "0",
                            "allow.1486604749.protocol": "udp",
                            "allow.3848845357.ports.#": "0",
                            "allow.3848845357.protocol": "tcp",
                            "deny.#": "0",
                            "description": "",
                            "destination_ranges.#": "0",
                            "id": "cf-net",
                            "name": "cf-net",
                            "network": "https://www.googleapis.com/compute/v1/projects/sodium-carver-190112/global/networks/default",
                            "priority": "1000",
                            "project": "sodium-carver-190112",
                            "self_link": "https://www.googleapis.com/compute/v1/projects/sodium-carver-190112/global/firewalls/cf-net",
                            "source_ranges.#": "0",
                            "source_service_accounts.#": "0",
                            "source_tags.#": "1",
                            "source_tags.1982064052": "cf-net",
                            "target_service_accounts.#": "0",
                            "target_tags.#": "1",
                            "target_tags.1982064052": "cf-net"
                        },
                        "meta": {
                            "schema_version": "1"
                        },
                        "tainted": false
                    },
                    "deposed": [],
                    "provider": "provider.google"
                },
                "google_compute_instance_group.bosh-cf-router-lb": {
                    "type": "google_compute_instance_group",
                    "depends_on": [],
                    "primary": {
                        "id": "australia-southeast1-a/bosh-cf-router-lb",
                        "attributes": {
                            "description": "CF router instance group",
                            "id": "australia-southeast1-a/bosh-cf-router-lb",
                            "instances.#": "0",
                            "name": "bosh-cf-router-lb",
                            "named_port.#": "2",
                            "named_port.0.name": "https",
                            "named_port.0.port": "443",
                            "named_port.1.name": "http",
                            "named_port.1.port": "80",
                            "network": "https://www.googleapis.com/compute/v1/projects/sodium-carver-190112/global/networks/default",
                            "project": "sodium-carver-190112",
                            "self_link": "https://www.googleapis.com/compute/v1/projects/sodium-carver-190112/zones/australia-southeast1-a/instanceGroups/bosh-cf-router-lb",
                            "size": "0",
                            "zone": "australia-southeast1-a"
                        },
                        "meta": {
                            "schema_version": "2"
                        },
                        "tainted": false
                    },
                    "deposed": [],
                    "provider": "provider.google"
                },
                "google_compute_subnetwork.cfnet": {
                    "type": "google_compute_subnetwork",
                    "depends_on": [],
                    "primary": {
                        "id": "us-central1/cfnet",
                        "attributes": {
                            "description": "",
                            "gateway_address": "10.0.0.1",
                            "id": "us-central1/cfnet",
                            "ip_cidr_range": "10.0.0.0/24",
                            "name": "cfnet",
                            "network": "https://www.googleapis.com/compute/v1/projects/sodium-carver-190112/global/networks/default",
                            "private_ip_google_access": "true",
                            "project": "sodium-carver-190112",
                            "region": "us-central1",
                            "secondary_ip_range.#": "0",
                            "self_link": "https://www.googleapis.com/compute/v1/projects/sodium-carver-190112/regions/us-central1/subnetworks/cfnet"
                        },
                        "meta": {},
                        "tainted": false
                    },
                    "deposed": [],
                    "provider": "provider.google"
                },
                "google_compute_subnetwork.cfnet1": {
                    "type": "google_compute_subnetwork",
                    "depends_on": [],
                    "primary": {
                        "id": "southamerica-east1/cfnet1",
                        "attributes": {
                            "description": "",
                            "gateway_address": "10.0.1.1",
                            "id": "southamerica-east1/cfnet1",
                            "ip_cidr_range": "10.0.1.0/24",
                            "name": "cfnet1",
                            "network": "https://www.googleapis.com/compute/v1/projects/sodium-carver-190112/global/networks/default",
                            "private_ip_google_access": "true",
                            "project": "sodium-carver-190112",
                            "region": "southamerica-east1",
                            "secondary_ip_range.#": "0",
                            "self_link": "https://www.googleapis.com/compute/v1/projects/sodium-carver-190112/regions/southamerica-east1/subnetworks/cfnet1"
                        },
                        "meta": {},
                        "tainted": false
                    },
                    "deposed": [],
                    "provider": "provider.google"
                },
                "google_compute_subnetwork.cfnet2": {
                    "type": "google_compute_subnetwork",
                    "depends_on": [],
                    "primary": {
                        "id": "asia-southeast1/cfnet2",
                        "attributes": {
                            "description": "",
                            "gateway_address": "10.0.2.1",
                            "id": "asia-southeast1/cfnet2",
                            "ip_cidr_range": "10.0.2.0/24",
                            "name": "cfnet2",
                            "network": "https://www.googleapis.com/compute/v1/projects/sodium-carver-190112/global/networks/default",
                            "private_ip_google_access": "true",
                            "project": "sodium-carver-190112",
                            "region": "asia-southeast1",
                            "secondary_ip_range.#": "0",
                            "self_link": "https://www.googleapis.com/compute/v1/projects/sodium-carver-190112/regions/asia-southeast1/subnetworks/cfnet2"
                        },
                        "meta": {},
                        "tainted": false
                    },
                    "deposed": [],
                    "provider": "provider.google"
                },
                "google_compute_subnetwork.cfnet3": {
                    "type": "google_compute_subnetwork",
                    "depends_on": [],
                    "primary": {
                        "id": "australia-southeast1/cfnet3",
                        "attributes": {
                            "description": "",
                            "gateway_address": "10.0.3.1",
                            "id": "australia-southeast1/cfnet3",
                            "ip_cidr_range": "10.0.3.0/24",
                            "name": "cfnet3",
                            "network": "https://www.googleapis.com/compute/v1/projects/sodium-carver-190112/global/networks/default",
                            "private_ip_google_access": "true",
                            "project": "sodium-carver-190112",
                            "region": "australia-southeast1",
                            "secondary_ip_range.#": "0",
                            "self_link": "https://www.googleapis.com/compute/v1/projects/sodium-carver-190112/regions/australia-southeast1/subnetworks/cfnet3"
                        },
                        "meta": {},
                        "tainted": false
                    },
                    "deposed": [],
                    "provider": "provider.google"
                },
                "google_compute_subnetwork.cfnet4": {
                    "type": "google_compute_subnetwork",
                    "depends_on": [],
                    "primary": {
                        "id": "europe-west1/cfnet4",
                        "attributes": {
                            "description": "",
                            "gateway_address": "10.0.4.1",
                            "id": "europe-west1/cfnet4",
                            "ip_cidr_range": "10.0.4.0/24",
                            "name": "cfnet4",
                            "network": "https://www.googleapis.com/compute/v1/projects/sodium-carver-190112/global/networks/default",
                            "private_ip_google_access": "true",
                            "project": "sodium-carver-190112",
                            "region": "europe-west1",
                            "secondary_ip_range.#": "0",
                            "self_link": "https://www.googleapis.com/compute/v1/projects/sodium-carver-190112/regions/europe-west1/subnetworks/cfnet4"
                        },
                        "meta": {},
                        "tainted": false
                    },
                    "deposed": [],
                    "provider": "provider.google"
                },
                "google_compute_target_pool.bosh-cf-ssh-proxy": {
                    "type": "google_compute_target_pool",
                    "depends_on": [],
                    "primary": {
                        "id": "bosh-cf-ssh-proxy",
                        "attributes": {
                            "backup_pool": "",
                            "description": "",
                            "failover_ratio": "0",
                            "health_checks.#": "0",
                            "id": "bosh-cf-ssh-proxy",
                            "instances.#": "0",
                            "name": "bosh-cf-ssh-proxy",
                            "project": "sodium-carver-190112",
                            "region": "australia-southeast1",
                            "self_link": "https://www.googleapis.com/compute/v1/projects/sodium-carver-190112/regions/australia-southeast1/targetPools/bosh-cf-ssh-proxy",
                            "session_affinity": "NONE"
                        },
                        "meta": {},
                        "tainted": false
                    },
                    "deposed": [],
                    "provider": "provider.google"
                },
                "google_compute_target_pool.bosh-cf-tcp-router": {
                    "type": "google_compute_target_pool",
                    "depends_on": [],
                    "primary": {
                        "id": "bosh-cf-tcp-router",
                        "attributes": {
                            "backup_pool": "",
                            "description": "",
                            "failover_ratio": "0",
                            "health_checks.#": "0",
                            "id": "bosh-cf-tcp-router",
                            "instances.#": "0",
                            "name": "bosh-cf-tcp-router",
                            "project": "sodium-carver-190112",
                            "region": "australia-southeast1",
                            "self_link": "https://www.googleapis.com/compute/v1/projects/sodium-carver-190112/regions/australia-southeast1/targetPools/bosh-cf-tcp-router",
                            "session_affinity": "NONE"
                        },
                        "meta": {},
                        "tainted": false
                    },
                    "deposed": [],
                    "provider": "provider.google"
                },
                "google_compute_target_pool.bosh-cf-ws": {
                    "type": "google_compute_target_pool",
                    "depends_on": [],
                    "primary": {
                        "id": "bosh-cf-ws",
                        "attributes": {
                            "backup_pool": "",
                            "description": "",
                            "failover_ratio": "0",
                            "health_checks.#": "0",
                            "id": "bosh-cf-ws",
                            "instances.#": "0",
                            "name": "bosh-cf-ws",
                            "project": "sodium-carver-190112",
                            "region": "australia-southeast1",
                            "self_link": "https://www.googleapis.com/compute/v1/projects/sodium-carver-190112/regions/australia-southeast1/targetPools/bosh-cf-ws",
                            "session_affinity": "NONE"
                        },
                        "meta": {},
                        "tainted": false
                    },
                    "deposed": [],
                    "provider": "provider.google"
                },
                "google_sql_database.bbs": {
                    "type": "google_sql_database",
                    "depends_on": [
                        "google_sql_database_instance.master"
                    ],
                    "primary": {
                        "id": "cfdatabase:bbs",
                        "attributes": {
                            "charset": "utf8",
                            "collation": "utf8_general_ci",
                            "id": "cfdatabase:bbs",
                            "instance": "cfdatabase",
                            "name": "bbs",
                            "project": "sodium-carver-190112",
                            "self_link": "https://www.googleapis.com/sql/v1beta4/projects/sodium-carver-190112/instances/cfdatabase/databases/bbs"
                        },
                        "meta": {},
                        "tainted": false
                    },
                    "deposed": [],
                    "provider": "provider.google"
                },
                "google_sql_database.cc": {
                    "type": "google_sql_database",
                    "depends_on": [
                        "google_sql_database_instance.master"
                    ],
                    "primary": {
                        "id": "cfdatabase:cc",
                        "attributes": {
                            "charset": "utf8",
                            "collation": "utf8_general_ci",
                            "id": "cfdatabase:cc",
                            "instance": "cfdatabase",
                            "name": "cc",
                            "project": "sodium-carver-190112",
                            "self_link": "https://www.googleapis.com/sql/v1beta4/projects/sodium-carver-190112/instances/cfdatabase/databases/cc"
                        },
                        "meta": {},
                        "tainted": false
                    },
                    "deposed": [],
                    "provider": "provider.google"
                },
                "google_sql_database.locket": {
                    "type": "google_sql_database",
                    "depends_on": [
                        "google_sql_database_instance.master"
                    ],
                    "primary": {
                        "id": "cfdatabase:locket",
                        "attributes": {
                            "charset": "utf8",
                            "collation": "utf8_general_ci",
                            "id": "cfdatabase:locket",
                            "instance": "cfdatabase",
                            "name": "locket",
                            "project": "sodium-carver-190112",
                            "self_link": "https://www.googleapis.com/sql/v1beta4/projects/sodium-carver-190112/instances/cfdatabase/databases/locket"
                        },
                        "meta": {},
                        "tainted": false
                    },
                    "deposed": [],
                    "provider": "provider.google"
                },
                "google_sql_database.policy_server": {
                    "type": "google_sql_database",
                    "depends_on": [
                        "google_sql_database_instance.master"
                    ],
                    "primary": {
                        "id": "cfdatabase:policy_server",
                        "attributes": {
                            "charset": "utf8",
                            "collation": "utf8_general_ci",
                            "id": "cfdatabase:policy_server",
                            "instance": "cfdatabase",
                            "name": "policy_server",
                            "project": "sodium-carver-190112",
                            "self_link": "https://www.googleapis.com/sql/v1beta4/projects/sodium-carver-190112/instances/cfdatabase/databases/policy_server"
                        },
                        "meta": {},
                        "tainted": false
                    },
                    "deposed": [],
                    "provider": "provider.google"
                },
                "google_sql_database.routing_api": {
                    "type": "google_sql_database",
                    "depends_on": [
                        "google_sql_database_instance.master"
                    ],
                    "primary": {
                        "id": "cfdatabase:routing_api",
                        "attributes": {
                            "charset": "utf8",
                            "collation": "utf8_general_ci",
                            "id": "cfdatabase:routing_api",
                            "instance": "cfdatabase",
                            "name": "routing_api",
                            "project": "sodium-carver-190112",
                            "self_link": "https://www.googleapis.com/sql/v1beta4/projects/sodium-carver-190112/instances/cfdatabase/databases/routing_api"
                        },
                        "meta": {},
                        "tainted": false
                    },
                    "deposed": [],
                    "provider": "provider.google"
                },
                "google_sql_database.servicebroker": {
                    "type": "google_sql_database",
                    "depends_on": [
                        "google_sql_database_instance.master"
                    ],
                    "primary": {
                        "id": "cfdatabase:servicebroker",
                        "attributes": {
                            "charset": "utf8",
                            "collation": "utf8_general_ci",
                            "id": "cfdatabase:servicebroker",
                            "instance": "cfdatabase",
                            "name": "servicebroker",
                            "project": "sodium-carver-190112",
                            "self_link": "https://www.googleapis.com/sql/v1beta4/projects/sodium-carver-190112/instances/cfdatabase/databases/servicebroker"
                        },
                        "meta": {},
                        "tainted": false
                    },
                    "deposed": [],
                    "provider": "provider.google"
                },
                "google_sql_database.silk_controller": {
                    "type": "google_sql_database",
                    "depends_on": [
                        "google_sql_database_instance.master"
                    ],
                    "primary": {
                        "id": "cfdatabase:silk_controller",
                        "attributes": {
                            "charset": "utf8",
                            "collation": "utf8_general_ci",
                            "id": "cfdatabase:silk_controller",
                            "instance": "cfdatabase",
                            "name": "silk_controller",
                            "project": "sodium-carver-190112",
                            "self_link": "https://www.googleapis.com/sql/v1beta4/projects/sodium-carver-190112/instances/cfdatabase/databases/silk_controller"
                        },
                        "meta": {},
                        "tainted": false
                    },
                    "deposed": [],
                    "provider": "provider.google"
                },
                "google_sql_database.uaa": {
                    "type": "google_sql_database",
                    "depends_on": [
                        "google_sql_database_instance.master"
                    ],
                    "primary": {
                        "id": "cfdatabase:uaa",
                        "attributes": {
                            "charset": "utf8",
                            "collation": "utf8_general_ci",
                            "id": "cfdatabase:uaa",
                            "instance": "cfdatabase",
                            "name": "uaa",
                            "project": "sodium-carver-190112",
                            "self_link": "https://www.googleapis.com/sql/v1beta4/projects/sodium-carver-190112/instances/cfdatabase/databases/uaa"
                        },
                        "meta": {},
                        "tainted": false
                    },
                    "deposed": [],
                    "provider": "provider.google"
                },
                "google_sql_database_instance.master": {
                    "type": "google_sql_database_instance",
                    "depends_on": [],
                    "primary": {
                        "id": "cfdatabase",
                        "attributes": {
                            "connection_name": "sodium-carver-190112:asia-south1:cfdatabase",
                            "database_version": "MYSQL_5_6",
                            "id": "cfdatabase",
                            "ip_address.#": "1",
                            "ip_address.0.ip_address": "35.200.139.33",
                            "ip_address.0.time_to_retire": "",
                            "master_instance_name": "",
                            "name": "cfdatabase",
                            "project": "sodium-carver-190112",
                            "region": "asia-south1",
                            "replica_configuration.#": "0",
                            "self_link": "https://www.googleapis.com/sql/v1beta4/projects/sodium-carver-190112/instances/cfdatabase",
                            "settings.#": "1",
                            "settings.0.activation_policy": "ALWAYS",
                            "settings.0.authorized_gae_applications.#": "0",
                            "settings.0.backup_configuration.#": "1",
                            "settings.0.backup_configuration.0.binary_log_enabled": "false",
                            "settings.0.backup_configuration.0.enabled": "false",
                            "settings.0.backup_configuration.0.start_time": "06:00",
                            "settings.0.crash_safe_replication": "false",
                            "settings.0.database_flags.#": "0",
                            "settings.0.disk_autoresize": "true",
                            "settings.0.disk_size": "10",
                            "settings.0.disk_type": "PD_SSD",
                            "settings.0.ip_configuration.#": "1",
                            "settings.0.ip_configuration.0.authorized_networks.#": "1",
                            "settings.0.ip_configuration.0.authorized_networks.1904668538.expiration_time": "",
                            "settings.0.ip_configuration.0.authorized_networks.1904668538.name": "all",
                            "settings.0.ip_configuration.0.authorized_networks.1904668538.value": "0.0.0.0/0",
                            "settings.0.ip_configuration.0.ipv4_enabled": "true",
                            "settings.0.ip_configuration.0.require_ssl": "false",
                            "settings.0.location_preference.#": "0",
                            "settings.0.maintenance_window.#": "0",
                            "settings.0.pricing_plan": "PER_USE",
                            "settings.0.replication_type": "SYNCHRONOUS",
                            "settings.0.tier": "db-n1-standard-1",
                            "settings.0.version": "7"
                        },
                        "meta": {},
                        "tainted": false
                    },
                    "deposed": [],
                    "provider": "provider.google"
                },
                "google_sql_user.users": {
                    "type": "google_sql_user",
                    "depends_on": [
                        "google_sql_database_instance.master"
                    ],
                    "primary": {
                        "id": "cfdatabase/dbuser",
                        "attributes": {
                            "host": "%",
                            "id": "cfdatabase/dbuser",
                            "instance": "cfdatabase",
                            "name": "dbuser",
                            "password": "Pfjlb12",
                            "project": "sodium-carver-190112"
                        },
                        "meta": {
                            "schema_version": "1"
                        },
                        "tainted": false
                    },
                    "deposed": [],
                    "provider": "provider.google"
                },
                "google_storage_bucket.apppackage-cf": {
                    "type": "google_storage_bucket",
                    "depends_on": [],
                    "primary": {
                        "id": "app_package_cf_sodium-carver-190112",
                        "attributes": {
                            "cors.#": "0",
                            "force_destroy": "false",
                            "id": "app_package_cf_sodium-carver-190112",
                            "labels.%": "0",
                            "location": "US-CENTRAL1",
                            "name": "app_package_cf_sodium-carver-190112",
                            "project": "sodium-carver-190112",
                            "self_link": "https://www.googleapis.com/storage/v1/b/app_package_cf_sodium-carver-190112",
                            "storage_class": "STANDARD",
                            "url": "gs://app_package_cf_sodium-carver-190112",
                            "versioning.#": "0"
                        },
                        "meta": {},
                        "tainted": false
                    },
                    "deposed": [],
                    "provider": "provider.google"
                },
                "google_storage_bucket.bosh-gcp": {
                    "type": "google_storage_bucket",
                    "depends_on": [],
                    "primary": {
                        "id": "bosh_gcp_sodium-carver-190112",
                        "attributes": {
                            "cors.#": "0",
                            "force_destroy": "false",
                            "id": "bosh_gcp_sodium-carver-190112",
                            "labels.%": "0",
                            "location": "US-CENTRAL1",
                            "name": "bosh_gcp_sodium-carver-190112",
                            "project": "sodium-carver-190112",
                            "self_link": "https://www.googleapis.com/storage/v1/b/bosh_gcp_sodium-carver-190112",
                            "storage_class": "STANDARD",
                            "url": "gs://bosh_gcp_sodium-carver-190112",
                            "versioning.#": "0"
                        },
                        "meta": {},
                        "tainted": false
                    },
                    "deposed": [],
                    "provider": "provider.google"
                },
                "google_storage_bucket.buildpack-cf": {
                    "type": "google_storage_bucket",
                    "depends_on": [],
                    "primary": {
                        "id": "build_pack_cf_sodium-carver-190112",
                        "attributes": {
                            "cors.#": "0",
                            "force_destroy": "false",
                            "id": "build_pack_cf_sodium-carver-190112",
                            "labels.%": "0",
                            "location": "US-CENTRAL1",
                            "name": "build_pack_cf_sodium-carver-190112",
                            "project": "sodium-carver-190112",
                            "self_link": "https://www.googleapis.com/storage/v1/b/build_pack_cf_sodium-carver-190112",
                            "storage_class": "STANDARD",
                            "url": "gs://build_pack_cf_sodium-carver-190112",
                            "versioning.#": "0"
                        },
                        "meta": {},
                        "tainted": false
                    },
                    "deposed": [],
                    "provider": "provider.google"
                },
                "google_storage_bucket.droplet-cf": {
                    "type": "google_storage_bucket",
                    "depends_on": [],
                    "primary": {
                        "id": "droplet_cf_sodium-carver-190112",
                        "attributes": {
                            "cors.#": "0",
                            "force_destroy": "false",
                            "id": "droplet_cf_sodium-carver-190112",
                            "labels.%": "0",
                            "location": "US-CENTRAL1",
                            "name": "droplet_cf_sodium-carver-190112",
                            "project": "sodium-carver-190112",
                            "self_link": "https://www.googleapis.com/storage/v1/b/droplet_cf_sodium-carver-190112",
                            "storage_class": "STANDARD",
                            "url": "gs://droplet_cf_sodium-carver-190112",
                            "versioning.#": "0"
                        },
                        "meta": {},
                        "tainted": false
                    },
                    "deposed": [],
                    "provider": "provider.google"
                },
                "google_storage_bucket.resource-cf": {
                    "type": "google_storage_bucket",
                    "depends_on": [],
                    "primary": {
                        "id": "resource_cf_sodium-carver-190112",
                        "attributes": {
                            "cors.#": "0",
                            "force_destroy": "false",
                            "id": "resource_cf_sodium-carver-190112",
                            "labels.%": "0",
                            "location": "US-CENTRAL1",
                            "name": "resource_cf_sodium-carver-190112",
                            "project": "sodium-carver-190112",
                            "self_link": "https://www.googleapis.com/storage/v1/b/resource_cf_sodium-carver-190112",
                            "storage_class": "STANDARD",
                            "url": "gs://resource_cf_sodium-carver-190112",
                            "versioning.#": "0"
                        },
                        "meta": {},
                        "tainted": false
                    },
                    "deposed": [],
                    "provider": "provider.google"
                },
                "tls_private_key.domaincert": {
                    "type": "tls_private_key",
                    "depends_on": [],
                    "primary": {
                        "id": "47549f3240fd3fb92c788cf8cdff4fc370d24a6c",
                        "attributes": {
                            "algorithm": "RSA",
                            "ecdsa_curve": "P224",
                            "id": "47549f3240fd3fb92c788cf8cdff4fc370d24a6c",
                            "private_key_pem": "-----BEGIN RSA PRIVATE KEY-----\nMIIEowIBAAKCAQEApb/kM5LjBx88DgfejNTDSqq4kprIdB8a5emN7vihz1B1Gwk2\nMe4p3+EhkrhFp7xVlT+v/iWROv4gnftVUEHH2JZ/xK+jI8izGNgcZ35kDaZFxxup\nhizg26fhy7aVHj0+/9TEttquBExrPA7+80nI9EcL+slgxOVdR74CJK2OFTw16V6D\nHRb6xFczeh4+pDETA0QPyrCZIsCuFqb8imsgS2KJgPPMyQJv0YYZ6Tv2nepikFt8\nLo/VXZKCdci5xbzxUwexpaNYUZUIoMwfuU8I93ek+iqlrF9/ciJwTYEYmmUG1I78\n0ciXM1WrgR9Xku9b3k+3KtIorGnsXnwVGxhfkwIDAQABAoIBACBeDrQ7lPYJFXMv\n+jfKPLDSEeUfMNHsWRZYu4zVJNQVRCkZbWnmtmqvzhyWu5N75cKVg0rAD1JT2g6/\ny/M2RU54ZU8FdXhBcygA29siBWvc8ndlYX+AOBDtAd0ENK6JC0puRFPo9F6GhdJe\no07jM8jwLti0hp8so0ClTEnZUou2u8cTYoZ4zfyZXmz651gHJgZxyikTJM5+Qrs0\nDIcGhC4KfoPWEQydSWSFh6K/Q59sdTIyiZAHY0DoXQlcrV1p7DDT3gg3D9cwAauz\nHmXtr8TnGjdWnytP8Xp2ZsxkaIOhrF2FdYhHNlV2Dc39f239j6H79NyxWbtt76dy\n+YQ32pECgYEAwz6UKoPHZ0F5A0Vz+gyfwhVexXeO0D7rBApOnaKW8kFqkTiSJ+qQ\nZlAwOJoSgb8fOlE6yeMbkoXZw2xSZXVny4lozZDj/N0Zged6UGr9UFKWwCb20hDg\nyrJMlG6h4kYt5ydbCo8muBLBlazuvDaqowY0C/9XMHRXvX8lIvaKsLUCgYEA2VO2\nq8ZUzs/5DVAz7EeV1fVM7zaU2FbzhkDbmLuuWY35zIye1fukr1XADbXrhPqi5gXs\nkrfunVS1d4LjDULI5MMtsjEMzuh2tVZJznwf62ZziM1Dx2glCUZCQCZ/vTqwBc8C\n/2M49oR3YB6djjVnDhELkbZ/cRoxaAN+IfdmJCcCgYBfeEQfHdztYph3vwhc5rtf\nve9fg3yz23Azw455ij1hLBed9xmQpyQAw4kwxDX0d64faATlH0YmOYkoA9mufuBI\nKGK00fqJdNu6J6QpmodPNXM9dlAOm+4vb0v+8LH74PElLJtZ6HG4ZIOAWtVJ9zkt\nCiV9EFhj+x/EK13PYNqkWQKBgQCFdoKNFPyKEXBaO7HXXdLnlYBMu5FHFobxIK17\nK28T8jvA4W697I8jWh7ajKj5fk5BwsuZArnYBuh2X3v+bdAfpLlQYA0EmAAmtroW\nw2V60+0JyzzfndZ4zpvq93mlBQCKYKnvmsilo44ICmUpqyQBoHghYRj8pWBIBzUT\nuPISKwKBgEoQPYJXN4NehVjG0SBTS9nEi6r/4EAcd6PYjfK/FMwvwx+Jwe+zbjNf\n1ZRjqfQ2pdkuvbiZjl/dokfj4qg26dLO0PCY9nXbbjT8wJC1vAqsgv9Xkqlb1pUt\nCVRORKzxFrgieZTJhZHYmXFFV0SYJAEQhpb6p0PcH6plf/FyKKqL\n-----END RSA PRIVATE KEY-----\n",
                            "public_key_openssh": "ssh-rsa AAAAB3NzaC1yc2EAAAADAQABAAABAQClv+QzkuMHHzwOB96M1MNKqriSmsh0Hxrl6Y3u+KHPUHUbCTYx7inf4SGSuEWnvFWVP6/+JZE6/iCd+1VQQcfYln/Er6MjyLMY2BxnfmQNpkXHG6mGLODbp+HLtpUePT7/1MS22q4ETGs8Dv7zScj0Rwv6yWDE5V1HvgIkrY4VPDXpXoMdFvrEVzN6Hj6kMRMDRA/KsJkiwK4WpvyKayBLYomA88zJAm/RhhnpO/ad6mKQW3wuj9VdkoJ1yLnFvPFTB7Glo1hRlQigzB+5Twj3d6T6KqWsX39yInBNgRiaZQbUjvzRyJczVauBH1eS71veT7cq0iisaexefBUbGF+T\n",
                            "public_key_pem": "-----BEGIN PUBLIC KEY-----\nMIIBIjANBgkqhkiG9w0BAQEFAAOCAQ8AMIIBCgKCAQEApb/kM5LjBx88DgfejNTD\nSqq4kprIdB8a5emN7vihz1B1Gwk2Me4p3+EhkrhFp7xVlT+v/iWROv4gnftVUEHH\n2JZ/xK+jI8izGNgcZ35kDaZFxxuphizg26fhy7aVHj0+/9TEttquBExrPA7+80nI\n9EcL+slgxOVdR74CJK2OFTw16V6DHRb6xFczeh4+pDETA0QPyrCZIsCuFqb8imsg\nS2KJgPPMyQJv0YYZ6Tv2nepikFt8Lo/VXZKCdci5xbzxUwexpaNYUZUIoMwfuU8I\n93ek+iqlrF9/ciJwTYEYmmUG1I780ciXM1WrgR9Xku9b3k+3KtIorGnsXnwVGxhf\nkwIDAQAB\n-----END PUBLIC KEY-----\n",
                            "rsa_bits": "2048"
                        },
                        "meta": {},
                        "tainted": false
                    },
                    "deposed": [],
                    "provider": "provider.tls"
                },
                "tls_self_signed_cert.domaincert": {
                    "type": "tls_self_signed_cert",
                    "depends_on": [
                        "tls_private_key.domaincert"
                    ],
                    "primary": {
                        "id": "333738065118776701850165954361951187292",
                        "attributes": {
                            "allowed_uses.#": "3",
                            "allowed_uses.0": "key_encipherment",
                            "allowed_uses.1": "digital_signature",
                            "allowed_uses.2": "server_auth",
                            "cert_pem": "-----BEGIN CERTIFICATE-----\nMIIDlzCCAn+gAwIBAgIRAPsTnQKAO/N7Dxwdcocu8VwwDQYJKoZIhvcNAQELBQAw\nRTEmMCQGA1UEChMdQ2xvdWRmb3VuZHJ5IEdDUCBmcmVlIGV4YW1wbGUxGzAZBgNV\nBAMTEnBjZi5teWl0bm90ZXMuaW5mbzAeFw0xNzEyMjgxMDQxNDVaFw0xODEyMjgx\nMDQxNDVaMEUxJjAkBgNVBAoTHUNsb3VkZm91bmRyeSBHQ1AgZnJlZSBleGFtcGxl\nMRswGQYDVQQDExJwY2YubXlpdG5vdGVzLmluZm8wggEiMA0GCSqGSIb3DQEBAQUA\nA4IBDwAwggEKAoIBAQClv+QzkuMHHzwOB96M1MNKqriSmsh0Hxrl6Y3u+KHPUHUb\nCTYx7inf4SGSuEWnvFWVP6/+JZE6/iCd+1VQQcfYln/Er6MjyLMY2BxnfmQNpkXH\nG6mGLODbp+HLtpUePT7/1MS22q4ETGs8Dv7zScj0Rwv6yWDE5V1HvgIkrY4VPDXp\nXoMdFvrEVzN6Hj6kMRMDRA/KsJkiwK4WpvyKayBLYomA88zJAm/RhhnpO/ad6mKQ\nW3wuj9VdkoJ1yLnFvPFTB7Glo1hRlQigzB+5Twj3d6T6KqWsX39yInBNgRiaZQbU\njvzRyJczVauBH1eS71veT7cq0iisaexefBUbGF+TAgMBAAGjgYEwfzAOBgNVHQ8B\nAf8EBAMCBaAwEwYDVR0lBAwwCgYIKwYBBQUHAwEwDAYDVR0TAQH/BAIwADBKBgNV\nHREEQzBBghQqLnBjZi5teWl0bm90ZXMuaW5mb4ITKi53cy5teWl0bm90ZXMuaW5m\nb4IUKi5hcHAubXlpdG5vdGVzLmluZm8wDQYJKoZIhvcNAQELBQADggEBACKZNO+n\ndY12Sfg32N6w59lSaGBFkyrdApyOE6VuL6ccuRPXOjZcDtcKDqZ/OZmTa8PDRgIG\n+qfs2xUXi98z8pjCTkl0hIKZ+B9GBY0+37hflhM32R+wwZl5gIkmou2bQVQKUH6k\nG78o2ySvfF9J95x2TP6kHGvfR5ZrKWvW34+40Eet9C5lsQ0uqM3tzYykec24NJro\nukayx8jnvvk8r9PTsAn2Xwsu36OIdc8N4MKUxMNcLYH1By8LgQRfhS5VO6vAHEMM\nyYrukOXoWPxmGw8JUuJGZ3o1OiJidTwWYfJ0oUR/yG3rSPHZx6j3OPnW5q0mMRL0\ntE2/5TSeYe3eT5E=\n-----END CERTIFICATE-----\n",
                            "dns_names.#": "3",
                            "dns_names.0": "*.pcf.myitnotes.info",
                            "dns_names.1": "*.ws.myitnotes.info",
                            "dns_names.2": "*.app.myitnotes.info",
                            "early_renewal_hours": "24",
                            "id": "333738065118776701850165954361951187292",
                            "key_algorithm": "RSA",
                            "private_key_pem": "e9b20eed0201a5ca28dfae36c2442aea0d185b8d",
                            "subject.#": "1",
                            "subject.0.common_name": "pcf.myitnotes.info",
                            "subject.0.country": "",
                            "subject.0.locality": "",
                            "subject.0.organization": "Cloudfoundry GCP free example",
                            "subject.0.organizational_unit": "",
                            "subject.0.postal_code": "",
                            "subject.0.province": "",
                            "subject.0.serial_number": "",
                            "subject.0.street_address.#": "0",
                            "validity_end_time": "2018-12-28T10:41:45.442653976Z",
                            "validity_period_hours": "8760",
                            "validity_start_time": "2017-12-28T10:41:45.442653976Z"
                        },
                        "meta": {},
                        "tainted": false
                    },
                    "deposed": [],
                    "provider": "provider.tls"
                }
            },
            "depends_on": []
        },
        {
            "path": [
                "root",
                "gce-lb-http"
            ],
            "outputs": {
                "backend_services": {
                    "sensitive": false,
                    "type": "list",
                    "value": [
                        "https://www.googleapis.com/compute/v1/projects/sodium-carver-190112/global/backendServices/bosh-cf-router-lb-backend-0"
                    ]
                },
                "external_ip": {
                    "sensitive": false,
                    "type": "string",
                    "value": "130.211.29.37"
                }
            },
            "resources": {
                "google_compute_backend_service.default": {
                    "type": "google_compute_backend_service",
                    "depends_on": [
                        "google_compute_http_health_check.default.*"
                    ],
                    "primary": {
                        "id": "bosh-cf-router-lb-backend-0",
                        "attributes": {
                            "backend.#": "1",
                            "backend.1614464624.balancing_mode": "UTILIZATION",
                            "backend.1614464624.capacity_scaler": "1",
                            "backend.1614464624.description": "",
                            "backend.1614464624.group": "https://www.googleapis.com/compute/v1/projects/sodium-carver-190112/zones/australia-southeast1-a/instanceGroups/bosh-cf-router-lb",
                            "backend.1614464624.max_rate": "0",
                            "backend.1614464624.max_rate_per_instance": "0",
                            "backend.1614464624.max_utilization": "0.8",
                            "connection_draining_timeout_sec": "300",
                            "description": "",
                            "enable_cdn": "false",
                            "fingerprint": "bVh-UVHRkOc=",
                            "health_checks.#": "1",
                            "health_checks.3383227324": "https://www.googleapis.com/compute/v1/projects/sodium-carver-190112/global/httpHealthChecks/bosh-cf-router-lb-backend-0",
                            "id": "bosh-cf-router-lb-backend-0",
                            "name": "bosh-cf-router-lb-backend-0",
                            "port_name": "http",
                            "project": "sodium-carver-190112",
                            "protocol": "HTTP",
                            "self_link": "https://www.googleapis.com/compute/v1/projects/sodium-carver-190112/global/backendServices/bosh-cf-router-lb-backend-0",
                            "session_affinity": "NONE",
                            "timeout_sec": "10"
                        },
                        "meta": {
                            "schema_version": "1"
                        },
                        "tainted": false
                    },
                    "deposed": [],
                    "provider": "provider.google"
                },
                "google_compute_firewall.default-hc": {
                    "type": "google_compute_firewall",
                    "depends_on": [],
                    "primary": {
                        "id": "bosh-cf-router-lb-hc-0",
                        "attributes": {
                            "allow.#": "1",
                            "allow.2481140388.ports.#": "1",
                            "allow.2481140388.ports.0": "8080",
                            "allow.2481140388.protocol": "tcp",
                            "deny.#": "0",
                            "description": "",
                            "destination_ranges.#": "0",
                            "id": "bosh-cf-router-lb-hc-0",
                            "name": "bosh-cf-router-lb-hc-0",
                            "network": "https://www.googleapis.com/compute/v1/projects/sodium-carver-190112/global/networks/default",
                            "priority": "1000",
                            "project": "sodium-carver-190112",
                            "self_link": "https://www.googleapis.com/compute/v1/projects/sodium-carver-190112/global/firewalls/bosh-cf-router-lb-hc-0",
                            "source_ranges.#": "4",
                            "source_ranges.1468324647": "209.85.204.0/22",
                            "source_ranges.1567232126": "209.85.152.0/22",
                            "source_ranges.2192388802": "130.211.0.0/22",
                            "source_ranges.2394378644": "35.191.0.0/16",
                            "source_service_accounts.#": "0",
                            "source_tags.#": "0",
                            "target_service_accounts.#": "0",
                            "target_tags.#": "2",
                            "target_tags.3452882705": "bosh-cf-ws",
                            "target_tags.3952882738": "bosh-cf-router-lb"
                        },
                        "meta": {
                            "schema_version": "1"
                        },
                        "tainted": false
                    },
                    "deposed": [],
                    "provider": "provider.google"
                },
                "google_compute_global_address.default": {
                    "type": "google_compute_global_address",
                    "depends_on": [],
                    "primary": {
                        "id": "bosh-cf-router-lb-address",
                        "attributes": {
                            "address": "130.211.29.37",
                            "id": "bosh-cf-router-lb-address",
                            "ip_version": "",
                            "name": "bosh-cf-router-lb-address",
                            "project": "sodium-carver-190112",
                            "self_link": "https://www.googleapis.com/compute/v1/projects/sodium-carver-190112/global/addresses/bosh-cf-router-lb-address"
                        },
                        "meta": {},
                        "tainted": false
                    },
                    "deposed": [],
                    "provider": "provider.google"
                },
                "google_compute_global_forwarding_rule.http": {
                    "type": "google_compute_global_forwarding_rule",
                    "depends_on": [
                        "google_compute_global_address.default",
                        "google_compute_target_http_proxy.default"
                    ],
                    "primary": {
                        "id": "bosh-cf-router-lb",
                        "attributes": {
                            "description": "",
                            "id": "bosh-cf-router-lb",
                            "ip_address": "130.211.29.37",
                            "ip_protocol": "TCP",
                            "ip_version": "",
                            "label_fingerprint": "",
                            "labels.%": "0",
                            "name": "bosh-cf-router-lb",
                            "port_range": "80-80",
                            "project": "sodium-carver-190112",
                            "self_link": "https://www.googleapis.com/compute/v1/projects/sodium-carver-190112/global/forwardingRules/bosh-cf-router-lb",
                            "target": "https://www.googleapis.com/compute/v1/projects/sodium-carver-190112/global/targetHttpProxies/bosh-cf-router-lb-http-proxy"
                        },
                        "meta": {},
                        "tainted": false
                    },
                    "deposed": [],
                    "provider": "provider.google"
                },
                "google_compute_global_forwarding_rule.https": {
                    "type": "google_compute_global_forwarding_rule",
                    "depends_on": [
                        "google_compute_global_address.default",
                        "google_compute_target_https_proxy.default"
                    ],
                    "primary": {
                        "id": "bosh-cf-router-lb-https",
                        "attributes": {
                            "description": "",
                            "id": "bosh-cf-router-lb-https",
                            "ip_address": "130.211.29.37",
                            "ip_protocol": "TCP",
                            "ip_version": "",
                            "label_fingerprint": "",
                            "labels.%": "0",
                            "name": "bosh-cf-router-lb-https",
                            "port_range": "443-443",
                            "project": "sodium-carver-190112",
                            "self_link": "https://www.googleapis.com/compute/v1/projects/sodium-carver-190112/global/forwardingRules/bosh-cf-router-lb-https",
                            "target": "https://www.googleapis.com/compute/v1/projects/sodium-carver-190112/global/targetHttpsProxies/bosh-cf-router-lb-https-proxy"
                        },
                        "meta": {},
                        "tainted": false
                    },
                    "deposed": [],
                    "provider": "provider.google"
                },
                "google_compute_http_health_check.default": {
                    "type": "google_compute_http_health_check",
                    "depends_on": [],
                    "primary": {
                        "id": "bosh-cf-router-lb-backend-0",
                        "attributes": {
                            "check_interval_sec": "5",
                            "description": "",
                            "healthy_threshold": "2",
                            "host": "",
                            "id": "bosh-cf-router-lb-backend-0",
                            "name": "bosh-cf-router-lb-backend-0",
                            "port": "8080",
                            "project": "sodium-carver-190112",
                            "request_path": "/health",
                            "self_link": "https://www.googleapis.com/compute/v1/projects/sodium-carver-190112/global/httpHealthChecks/bosh-cf-router-lb-backend-0",
                            "timeout_sec": "5",
                            "unhealthy_threshold": "2"
                        },
                        "meta": {},
                        "tainted": false
                    },
                    "deposed": [],
                    "provider": "provider.google"
                },
                "google_compute_ssl_certificate.default": {
                    "type": "google_compute_ssl_certificate",
                    "depends_on": [],
                    "primary": {
                        "id": "bosh-cf-router-lb-certificate",
                        "attributes": {
                            "certificate": "-----BEGIN CERTIFICATE-----\nMIIDlzCCAn+gAwIBAgIRAPsTnQKAO/N7Dxwdcocu8VwwDQYJKoZIhvcNAQELBQAw\nRTEmMCQGA1UEChMdQ2xvdWRmb3VuZHJ5IEdDUCBmcmVlIGV4YW1wbGUxGzAZBgNV\nBAMTEnBjZi5teWl0bm90ZXMuaW5mbzAeFw0xNzEyMjgxMDQxNDVaFw0xODEyMjgx\nMDQxNDVaMEUxJjAkBgNVBAoTHUNsb3VkZm91bmRyeSBHQ1AgZnJlZSBleGFtcGxl\nMRswGQYDVQQDExJwY2YubXlpdG5vdGVzLmluZm8wggEiMA0GCSqGSIb3DQEBAQUA\nA4IBDwAwggEKAoIBAQClv+QzkuMHHzwOB96M1MNKqriSmsh0Hxrl6Y3u+KHPUHUb\nCTYx7inf4SGSuEWnvFWVP6/+JZE6/iCd+1VQQcfYln/Er6MjyLMY2BxnfmQNpkXH\nG6mGLODbp+HLtpUePT7/1MS22q4ETGs8Dv7zScj0Rwv6yWDE5V1HvgIkrY4VPDXp\nXoMdFvrEVzN6Hj6kMRMDRA/KsJkiwK4WpvyKayBLYomA88zJAm/RhhnpO/ad6mKQ\nW3wuj9VdkoJ1yLnFvPFTB7Glo1hRlQigzB+5Twj3d6T6KqWsX39yInBNgRiaZQbU\njvzRyJczVauBH1eS71veT7cq0iisaexefBUbGF+TAgMBAAGjgYEwfzAOBgNVHQ8B\nAf8EBAMCBaAwEwYDVR0lBAwwCgYIKwYBBQUHAwEwDAYDVR0TAQH/BAIwADBKBgNV\nHREEQzBBghQqLnBjZi5teWl0bm90ZXMuaW5mb4ITKi53cy5teWl0bm90ZXMuaW5m\nb4IUKi5hcHAubXlpdG5vdGVzLmluZm8wDQYJKoZIhvcNAQELBQADggEBACKZNO+n\ndY12Sfg32N6w59lSaGBFkyrdApyOE6VuL6ccuRPXOjZcDtcKDqZ/OZmTa8PDRgIG\n+qfs2xUXi98z8pjCTkl0hIKZ+B9GBY0+37hflhM32R+wwZl5gIkmou2bQVQKUH6k\nG78o2ySvfF9J95x2TP6kHGvfR5ZrKWvW34+40Eet9C5lsQ0uqM3tzYykec24NJro\nukayx8jnvvk8r9PTsAn2Xwsu36OIdc8N4MKUxMNcLYH1By8LgQRfhS5VO6vAHEMM\nyYrukOXoWPxmGw8JUuJGZ3o1OiJidTwWYfJ0oUR/yG3rSPHZx6j3OPnW5q0mMRL0\ntE2/5TSeYe3eT5E=\n-----END CERTIFICATE-----\n",
                            "certificate_id": "4201605949144265862",
                            "description": "",
                            "id": "bosh-cf-router-lb-certificate",
                            "name": "bosh-cf-router-lb-certificate",
                            "private_key": "-----BEGIN RSA PRIVATE KEY-----\nMIIEowIBAAKCAQEApb/kM5LjBx88DgfejNTDSqq4kprIdB8a5emN7vihz1B1Gwk2\nMe4p3+EhkrhFp7xVlT+v/iWROv4gnftVUEHH2JZ/xK+jI8izGNgcZ35kDaZFxxup\nhizg26fhy7aVHj0+/9TEttquBExrPA7+80nI9EcL+slgxOVdR74CJK2OFTw16V6D\nHRb6xFczeh4+pDETA0QPyrCZIsCuFqb8imsgS2KJgPPMyQJv0YYZ6Tv2nepikFt8\nLo/VXZKCdci5xbzxUwexpaNYUZUIoMwfuU8I93ek+iqlrF9/ciJwTYEYmmUG1I78\n0ciXM1WrgR9Xku9b3k+3KtIorGnsXnwVGxhfkwIDAQABAoIBACBeDrQ7lPYJFXMv\n+jfKPLDSEeUfMNHsWRZYu4zVJNQVRCkZbWnmtmqvzhyWu5N75cKVg0rAD1JT2g6/\ny/M2RU54ZU8FdXhBcygA29siBWvc8ndlYX+AOBDtAd0ENK6JC0puRFPo9F6GhdJe\no07jM8jwLti0hp8so0ClTEnZUou2u8cTYoZ4zfyZXmz651gHJgZxyikTJM5+Qrs0\nDIcGhC4KfoPWEQydSWSFh6K/Q59sdTIyiZAHY0DoXQlcrV1p7DDT3gg3D9cwAauz\nHmXtr8TnGjdWnytP8Xp2ZsxkaIOhrF2FdYhHNlV2Dc39f239j6H79NyxWbtt76dy\n+YQ32pECgYEAwz6UKoPHZ0F5A0Vz+gyfwhVexXeO0D7rBApOnaKW8kFqkTiSJ+qQ\nZlAwOJoSgb8fOlE6yeMbkoXZw2xSZXVny4lozZDj/N0Zged6UGr9UFKWwCb20hDg\nyrJMlG6h4kYt5ydbCo8muBLBlazuvDaqowY0C/9XMHRXvX8lIvaKsLUCgYEA2VO2\nq8ZUzs/5DVAz7EeV1fVM7zaU2FbzhkDbmLuuWY35zIye1fukr1XADbXrhPqi5gXs\nkrfunVS1d4LjDULI5MMtsjEMzuh2tVZJznwf62ZziM1Dx2glCUZCQCZ/vTqwBc8C\n/2M49oR3YB6djjVnDhELkbZ/cRoxaAN+IfdmJCcCgYBfeEQfHdztYph3vwhc5rtf\nve9fg3yz23Azw455ij1hLBed9xmQpyQAw4kwxDX0d64faATlH0YmOYkoA9mufuBI\nKGK00fqJdNu6J6QpmodPNXM9dlAOm+4vb0v+8LH74PElLJtZ6HG4ZIOAWtVJ9zkt\nCiV9EFhj+x/EK13PYNqkWQKBgQCFdoKNFPyKEXBaO7HXXdLnlYBMu5FHFobxIK17\nK28T8jvA4W697I8jWh7ajKj5fk5BwsuZArnYBuh2X3v+bdAfpLlQYA0EmAAmtroW\nw2V60+0JyzzfndZ4zpvq93mlBQCKYKnvmsilo44ICmUpqyQBoHghYRj8pWBIBzUT\nuPISKwKBgEoQPYJXN4NehVjG0SBTS9nEi6r/4EAcd6PYjfK/FMwvwx+Jwe+zbjNf\n1ZRjqfQ2pdkuvbiZjl/dokfj4qg26dLO0PCY9nXbbjT8wJC1vAqsgv9Xkqlb1pUt\nCVRORKzxFrgieZTJhZHYmXFFV0SYJAEQhpb6p0PcH6plf/FyKKqL\n-----END RSA PRIVATE KEY-----\n",
                            "project": "sodium-carver-190112",
                            "self_link": "https://www.googleapis.com/compute/v1/projects/sodium-carver-190112/global/sslCertificates/bosh-cf-router-lb-certificate"
                        },
                        "meta": {},
                        "tainted": false
                    },
                    "deposed": [],
                    "provider": "provider.google"
                },
                "google_compute_target_http_proxy.default": {
                    "type": "google_compute_target_http_proxy",
                    "depends_on": [
                        "google_compute_url_map.default.*"
                    ],
                    "primary": {
                        "id": "bosh-cf-router-lb-http-proxy",
                        "attributes": {
                            "description": "",
                            "id": "bosh-cf-router-lb-http-proxy",
                            "name": "bosh-cf-router-lb-http-proxy",
                            "project": "sodium-carver-190112",
                            "proxy_id": "9196099147078923411",
                            "self_link": "https://www.googleapis.com/compute/v1/projects/sodium-carver-190112/global/targetHttpProxies/bosh-cf-router-lb-http-proxy",
                            "url_map": "https://www.googleapis.com/compute/v1/projects/sodium-carver-190112/global/urlMaps/bosh-cf-router-lb-url-map"
                        },
                        "meta": {},
                        "tainted": false
                    },
                    "deposed": [],
                    "provider": "provider.google"
                },
                "google_compute_target_https_proxy.default": {
                    "type": "google_compute_target_https_proxy",
                    "depends_on": [
                        "google_compute_ssl_certificate.default",
                        "google_compute_url_map.default.*"
                    ],
                    "primary": {
                        "id": "bosh-cf-router-lb-https-proxy",
                        "attributes": {
                            "description": "",
                            "id": "bosh-cf-router-lb-https-proxy",
                            "name": "bosh-cf-router-lb-https-proxy",
                            "project": "sodium-carver-190112",
                            "proxy_id": "4483131108252808338",
                            "self_link": "https://www.googleapis.com/compute/v1/projects/sodium-carver-190112/global/targetHttpsProxies/bosh-cf-router-lb-https-proxy",
                            "ssl_certificates.#": "1",
                            "ssl_certificates.0": "https://www.googleapis.com/compute/v1/projects/sodium-carver-190112/global/sslCertificates/bosh-cf-router-lb-certificate",
                            "url_map": "https://www.googleapis.com/compute/v1/projects/sodium-carver-190112/global/urlMaps/bosh-cf-router-lb-url-map"
                        },
                        "meta": {},
                        "tainted": false
                    },
                    "deposed": [],
                    "provider": "provider.google"
                },
                "google_compute_url_map.default": {
                    "type": "google_compute_url_map",
                    "depends_on": [
                        "google_compute_backend_service.default"
                    ],
                    "primary": {
                        "id": "bosh-cf-router-lb-url-map",
                        "attributes": {
                            "default_service": "https://www.googleapis.com/compute/v1/projects/sodium-carver-190112/global/backendServices/bosh-cf-router-lb-backend-0",
                            "fingerprint": "_pLm96UqMhw=",
                            "host_rule.#": "0",
                            "id": "bosh-cf-router-lb-url-map",
                            "map_id": "4198035435456918686",
                            "name": "bosh-cf-router-lb-url-map",
                            "path_matcher.#": "0",
                            "project": "sodium-carver-190112",
                            "self_link": "https://www.googleapis.com/compute/v1/projects/sodium-carver-190112/global/urlMaps/bosh-cf-router-lb-url-map",
                            "test.#": "0"
                        },
                        "meta": {},
                        "tainted": false
                    },
                    "deposed": [],
                    "provider": "provider.google"
                }
            },
            "depends_on": []
        }
    ]
}
